Microsoft Visual Studio Solution File, Format Version 11.00
# Visual Studio 2008

Project("{F23D1218-3511-9021-AA28-D138D4240BEF}") = "roller-cowboys", "Assembly-CSharp.csproj", "{00D06C61-EE0C-25AE-F574-5B13118C5BE0}"
EndProject
Global
	GlobalSection(SolutionConfigurationPlatforms) = preSolution
		Debug|Any CPU = Debug|Any CPU
		Release|Any CPU = Release|Any CPU
	EndGlobalSection
	GlobalSection(ProjectConfigurationPlatforms) = postSolution
		{00D06C61-EE0C-25AE-F574-5B13118C5BE0}.Debug|Any CPU.ActiveCfg = Debug|Any CPU
		{00D06C61-EE0C-25AE-F574-5B13118C5BE0}.Debug|Any CPU.Build.0 = Debug|Any CPU
		{00D06C61-EE0C-25AE-F574-5B13118C5BE0}.Release|Any CPU.ActiveCfg = Release|Any CPU
		{00D06C61-EE0C-25AE-F574-5B13118C5BE0}.Release|Any CPU.Build.0 = Release|Any CPU
	EndGlobalSection
	GlobalSection(SolutionProperties) = preSolution
		HideSolutionNode = FALSE
	EndGlobalSection
	GlobalSection(MonoDevelopProperties) = preSolution
		Policies = $0
		$0.TextStylePolicy = $1
		$1.FileWidth = 120
		$1.TabWidth = 2
		$1.IndentWidth = 2
		$1.inheritsSet = VisualStudio
		$1.inheritsScope = text/plain
		$1.scope = text/x-csharp
		$0.CSharpFormattingPolicy = $2
		$2.AfterDelegateDeclarationParameterComma = True
		$2.inheritsSet = Mono
		$2.inheritsScope = text/x-csharp
		$2.scope = text/x-csharp
	EndGlobalSection
EndGlobal
