Microsoft Visual Studio Solution File, Format Version 11.00
# Visual Studio 2008

Project("{C0D743BC-A76E-5D0E-A6D0-760CC1E3EFCC}") = "roller-cowboys-unity", "Assembly-CSharp.csproj", "{79FD0F33-A304-37FF-A5FB-99520B8361A1}"
EndProject
Global
	GlobalSection(SolutionConfigurationPlatforms) = preSolution
		Debug|Any CPU = Debug|Any CPU
		Release|Any CPU = Release|Any CPU
	EndGlobalSection
	GlobalSection(ProjectConfigurationPlatforms) = postSolution
		{79FD0F33-A304-37FF-A5FB-99520B8361A1}.Debug|Any CPU.ActiveCfg = Debug|Any CPU
		{79FD0F33-A304-37FF-A5FB-99520B8361A1}.Debug|Any CPU.Build.0 = Debug|Any CPU
		{79FD0F33-A304-37FF-A5FB-99520B8361A1}.Release|Any CPU.ActiveCfg = Release|Any CPU
		{79FD0F33-A304-37FF-A5FB-99520B8361A1}.Release|Any CPU.Build.0 = Release|Any CPU
	EndGlobalSection
	GlobalSection(SolutionProperties) = preSolution
		HideSolutionNode = FALSE
	EndGlobalSection
	GlobalSection(MonoDevelopProperties) = preSolution
		StartupItem = Assembly-CSharp.csproj
	EndGlobalSection
EndGlobal
